
Microsoft Visual Studio Solution File, Format Version 12.00
# Visual Studio Version 16
VisualStudioVersion = 16.0.29318.209
MinimumVisualStudioVersion = 10.0.40219.1
Project("{9A19103F-16F7-4668-BE54-9A1E7A4F7556}") = "EDM.Infohub.BPO", "EDM.Infohub.BPO.csproj", "{CA6C71EA-B3D3-4D55-A18C-AC4559F963CB}"
EndProject
Project("{FAE04EC0-301F-11D3-BF4B-00C04F79EFBC}") = "EDM.Infohub.BPO.Test", "..\EDM.Infohub.BPO.Test\EDM.Infohub.BPO.Test.csproj", "{1BBF1A04-E520-42CC-B263-6106008D4C9B}"
EndProject
Global
	GlobalSection(SolutionConfigurationPlatforms) = preSolution
		Debug|Any CPU = Debug|Any CPU
		Release|Any CPU = Release|Any CPU
	EndGlobalSection
	GlobalSection(ProjectConfigurationPlatforms) = postSolution
		{CA6C71EA-B3D3-4D55-A18C-AC4559F963CB}.Debug|Any CPU.ActiveCfg = Debug|Any CPU
		{CA6C71EA-B3D3-4D55-A18C-AC4559F963CB}.Debug|Any CPU.Build.0 = Debug|Any CPU
		{CA6C71EA-B3D3-4D55-A18C-AC4559F963CB}.Release|Any CPU.ActiveCfg = Release|Any CPU
		{CA6C71EA-B3D3-4D55-A18C-AC4559F963CB}.Release|Any CPU.Build.0 = Release|Any CPU
		{1BBF1A04-E520-42CC-B263-6106008D4C9B}.Debug|Any CPU.ActiveCfg = Debug|Any CPU
		{1BBF1A04-E520-42CC-B263-6106008D4C9B}.Debug|Any CPU.Build.0 = Debug|Any CPU
		{1BBF1A04-E520-42CC-B263-6106008D4C9B}.Release|Any CPU.ActiveCfg = Release|Any CPU
		{1BBF1A04-E520-42CC-B263-6106008D4C9B}.Release|Any CPU.Build.0 = Release|Any CPU
	EndGlobalSection
	GlobalSection(SolutionProperties) = preSolution
		HideSolutionNode = FALSE
	EndGlobalSection
	GlobalSection(ExtensibilityGlobals) = postSolution
		SolutionGuid = {C4DFA4F6-66BC-4FB6-B8A7-36788155BA3D}
	EndGlobalSection
EndGlobal
